// !$*UTF8*$!
{
	archiveVersion = 1;
	classes = {
	};
	objectVersion = 46;
	objects = {

/* Begin PBXBuildFile section */
		B73FF62319057202000D4EAE /* Foundation.framework in Frameworks */ = {isa = PBXBuildFile; fileRef = B73FF62219057202000D4EAE /* Foundation.framework */; };
		B73FF62519057202000D4EAE /* CoreGraphics.framework in Frameworks */ = {isa = PBXBuildFile; fileRef = B73FF62419057202000D4EAE /* CoreGraphics.framework */; };
		B73FF62719057202000D4EAE /* UIKit.framework in Frameworks */ = {isa = PBXBuildFile; fileRef = B73FF62619057202000D4EAE /* UIKit.framework */; };
		B73FF62D19057202000D4EAE /* InfoPlist.strings in Resources */ = {isa = PBXBuildFile; fileRef = B73FF62B19057202000D4EAE /* InfoPlist.strings */; };
		B73FF62F19057202000D4EAE /* main.m in Sources */ = {isa = PBXBuildFile; fileRef = B73FF62E19057202000D4EAE /* main.m */; };
		B73FF63319057202000D4EAE /* AppDelegate.m in Sources */ = {isa = PBXBuildFile; fileRef = B73FF63219057202000D4EAE /* AppDelegate.m */; };
		B73FF63519057202000D4EAE /* Images.xcassets in Resources */ = {isa = PBXBuildFile; fileRef = B73FF63419057202000D4EAE /* Images.xcassets */; };
		B73FF63C19057202000D4EAE /* XCTest.framework in Frameworks */ = {isa = PBXBuildFile; fileRef = B73FF63B19057202000D4EAE /* XCTest.framework */; };
		B73FF63D19057202000D4EAE /* Foundation.framework in Frameworks */ = {isa = PBXBuildFile; fileRef = B73FF62219057202000D4EAE /* Foundation.framework */; };
		B73FF63E19057202000D4EAE /* UIKit.framework in Frameworks */ = {isa = PBXBuildFile; fileRef = B73FF62619057202000D4EAE /* UIKit.framework */; };
		B73FF64619057202000D4EAE /* InfoPlist.strings in Resources */ = {isa = PBXBuildFile; fileRef = B73FF64419057202000D4EAE /* InfoPlist.strings */; };
		B73FF64819057202000D4EAE /* ASCFlatUIColorsTests.m in Sources */ = {isa = PBXBuildFile; fileRef = B73FF64719057202000D4EAE /* ASCFlatUIColorsTests.m */; };
/* End PBXBuildFile section */

/* Begin PBXContainerItemProxy section */
		B73FF63F19057202000D4EAE /* PBXContainerItemProxy */ = {
			isa = PBXContainerItemProxy;
			containerPortal = B73FF61719057202000D4EAE /* Project object */;
			proxyType = 1;
			remoteGlobalIDString = B73FF61E19057202000D4EAE;
			remoteInfo = ASCFlatUIColors;
		};
/* End PBXContainerItemProxy section */

/* Begin PBXFileReference section */
		B73FF61F19057202000D4EAE /* ASCFlatUIColors.app */ = {isa = PBXFileReference; explicitFileType = wrapper.application; includeInIndex = 0; path = ASCFlatUIColors.app; sourceTree = BUILT_PRODUCTS_DIR; };
		B73FF62219057202000D4EAE /* Foundation.framework */ = {isa = PBXFileReference; lastKnownFileType = wrapper.framework; name = Foundation.framework; path = System/Library/Frameworks/Foundation.framework; sourceTree = SDKROOT; };
		B73FF62419057202000D4EAE /* CoreGraphics.framework */ = {isa = PBXFileReference; lastKnownFileType = wrapper.framework; name = CoreGraphics.framework; path = System/Library/Frameworks/CoreGraphics.framework; sourceTree = SDKROOT; };
		B73FF62619057202000D4EAE /* UIKit.framework */ = {isa = PBXFileReference; lastKnownFileType = wrapper.framework; name = UIKit.framework; path = System/Library/Frameworks/UIKit.framework; sourceTree = SDKROOT; };
		B73FF62A19057202000D4EAE /* ASCFlatUIColors-Info.plist */ = {isa = PBXFileReference; lastKnownFileType = text.plist.xml; path = "ASCFlatUIColors-Info.plist"; sourceTree = "<group>"; };
		B73FF62C19057202000D4EAE /* en */ = {isa = PBXFileReference; lastKnownFileType = text.plist.strings; name = en; path = en.lproj/InfoPlist.strings; sourceTree = "<group>"; };
		B73FF62E19057202000D4EAE /* main.m */ = {isa = PBXFileReference; lastKnownFileType = sourcecode.c.objc; path = main.m; sourceTree = "<group>"; };
		B73FF63019057202000D4EAE /* ASCFlatUIColors-Prefix.pch */ = {isa = PBXFileReference; lastKnownFileType = sourcecode.c.h; path = "ASCFlatUIColors-Prefix.pch"; sourceTree = "<group>"; };
		B73FF63119057202000D4EAE /* AppDelegate.h */ = {isa = PBXFileReference; lastKnownFileType = sourcecode.c.h; path = AppDelegate.h; sourceTree = "<group>"; };
		B73FF63219057202000D4EAE /* AppDelegate.m */ = {isa = PBXFileReference; lastKnownFileType = sourcecode.c.objc; path = AppDelegate.m; sourceTree = "<group>"; };
		B73FF63419057202000D4EAE /* Images.xcassets */ = {isa = PBXFileReference; lastKnownFileType = folder.assetcatalog; path = Images.xcassets; sourceTree = "<group>"; };
		B73FF63A19057202000D4EAE /* ASCFlatUIColorsTests.xctest */ = {isa = PBXFileReference; explicitFileType = wrapper.cfbundle; includeInIndex = 0; path = ASCFlatUIColorsTests.xctest; sourceTree = BUILT_PRODUCTS_DIR; };
		B73FF63B19057202000D4EAE /* XCTest.framework */ = {isa = PBXFileReference; lastKnownFileType = wrapper.framework; name = XCTest.framework; path = Library/Frameworks/XCTest.framework; sourceTree = DEVELOPER_DIR; };
		B73FF64319057202000D4EAE /* ASCFlatUIColorsTests-Info.plist */ = {isa = PBXFileReference; lastKnownFileType = text.plist.xml; path = "ASCFlatUIColorsTests-Info.plist"; sourceTree = "<group>"; };
		B73FF64519057202000D4EAE /* en */ = {isa = PBXFileReference; lastKnownFileType = text.plist.strings; name = en; path = en.lproj/InfoPlist.strings; sourceTree = "<group>"; };
		B73FF64719057202000D4EAE /* ASCFlatUIColorsTests.m */ = {isa = PBXFileReference; lastKnownFileType = sourcecode.c.objc; path = ASCFlatUIColorsTests.m; sourceTree = "<group>"; };
/* End PBXFileReference section */

/* Begin PBXFrameworksBuildPhase section */
		B73FF61C19057202000D4EAE /* Frameworks */ = {
			isa = PBXFrameworksBuildPhase;
			buildActionMask = 2147483647;
			files = (
				B73FF62519057202000D4EAE /* CoreGraphics.framework in Frameworks */,
				B73FF62719057202000D4EAE /* UIKit.framework in Frameworks */,
				B73FF62319057202000D4EAE /* Foundation.framework in Frameworks */,
			);
			runOnlyForDeploymentPostprocessing = 0;
		};
		B73FF63719057202000D4EAE /* Frameworks */ = {
			isa = PBXFrameworksBuildPhase;
			buildActionMask = 2147483647;
			files = (
				B73FF63C19057202000D4EAE /* XCTest.framework in Frameworks */,
				B73FF63E19057202000D4EAE /* UIKit.framework in Frameworks */,
				B73FF63D19057202000D4EAE /* Foundation.framework in Frameworks */,
			);
			runOnlyForDeploymentPostprocessing = 0;
		};
/* End PBXFrameworksBuildPhase section */

/* Begin PBXGroup section */
		B73FF61619057202000D4EAE = {
			isa = PBXGroup;
			children = (
				B73FF62819057202000D4EAE /* ASCFlatUIColors */,
				B73FF64119057202000D4EAE /* ASCFlatUIColorsTests */,
				B73FF62119057202000D4EAE /* Frameworks */,
				B73FF62019057202000D4EAE /* Products */,
			);
			sourceTree = "<group>";
		};
		B73FF62019057202000D4EAE /* Products */ = {
			isa = PBXGroup;
			children = (
				B73FF61F19057202000D4EAE /* ASCFlatUIColors.app */,
				B73FF63A19057202000D4EAE /* ASCFlatUIColorsTests.xctest */,
			);
			name = Products;
			sourceTree = "<group>";
		};
		B73FF62119057202000D4EAE /* Frameworks */ = {
			isa = PBXGroup;
			children = (
				B73FF62219057202000D4EAE /* Foundation.framework */,
				B73FF62419057202000D4EAE /* CoreGraphics.framework */,
				B73FF62619057202000D4EAE /* UIKit.framework */,
				B73FF63B19057202000D4EAE /* XCTest.framework */,
			);
			name = Frameworks;
			sourceTree = "<group>";
		};
		B73FF62819057202000D4EAE /* ASCFlatUIColors */ = {
			isa = PBXGroup;
			children = (
				B73FF63119057202000D4EAE /* AppDelegate.h */,
				B73FF63219057202000D4EAE /* AppDelegate.m */,
				B73FF63419057202000D4EAE /* Images.xcassets */,
				B73FF62919057202000D4EAE /* Supporting Files */,
			);
			path = ASCFlatUIColors;
			sourceTree = "<group>";
		};
		B73FF62919057202000D4EAE /* Supporting Files */ = {
			isa = PBXGroup;
			children = (
				B73FF62A19057202000D4EAE /* ASCFlatUIColors-Info.plist */,
				B73FF62B19057202000D4EAE /* InfoPlist.strings */,
				B73FF62E19057202000D4EAE /* main.m */,
				B73FF63019057202000D4EAE /* ASCFlatUIColors-Prefix.pch */,
			);
			name = "Supporting Files";
			sourceTree = "<group>";
		};
		B73FF64119057202000D4EAE /* ASCFlatUIColorsTests */ = {
			isa = PBXGroup;
			children = (
				B73FF64719057202000D4EAE /* ASCFlatUIColorsTests.m */,
				B73FF64219057202000D4EAE /* Supporting Files */,
			);
			path = ASCFlatUIColorsTests;
			sourceTree = "<group>";
		};
		B73FF64219057202000D4EAE /* Supporting Files */ = {
			isa = PBXGroup;
			children = (
				B73FF64319057202000D4EAE /* ASCFlatUIColorsTests-Info.plist */,
				B73FF64419057202000D4EAE /* InfoPlist.strings */,
			);
			name = "Supporting Files";
			sourceTree = "<group>";
		};
/* End PBXGroup section */

/* Begin PBXNativeTarget section */
		B73FF61E19057202000D4EAE /* ASCFlatUIColors */ = {
			isa = PBXNativeTarget;
			buildConfigurationList = B73FF64B19057202000D4EAE /* Build configuration list for PBXNativeTarget "ASCFlatUIColors" */;
			buildPhases = (
				B73FF61B19057202000D4EAE /* Sources */,
				B73FF61C19057202000D4EAE /* Frameworks */,
				B73FF61D19057202000D4EAE /* Resources */,
			);
			buildRules = (
			);
			dependencies = (
			);
			name = ASCFlatUIColors;
			productName = ASCFlatUIColors;
			productReference = B73FF61F19057202000D4EAE /* ASCFlatUIColors.app */;
			productType = "com.apple.product-type.application";
		};
		B73FF63919057202000D4EAE /* ASCFlatUIColorsTests */ = {
			isa = PBXNativeTarget;
			buildConfigurationList = B73FF64E19057202000D4EAE /* Build configuration list for PBXNativeTarget "ASCFlatUIColorsTests" */;
			buildPhases = (
				B73FF63619057202000D4EAE /* Sources */,
				B73FF63719057202000D4EAE /* Frameworks */,
				B73FF63819057202000D4EAE /* Resources */,
			);
			buildRules = (
			);
			dependencies = (
				B73FF64019057202000D4EAE /* PBXTargetDependency */,
			);
			name = ASCFlatUIColorsTests;
			productName = ASCFlatUIColorsTests;
			productReference = B73FF63A19057202000D4EAE /* ASCFlatUIColorsTests.xctest */;
			productType = "com.apple.product-type.bundle.unit-test";
		};
/* End PBXNativeTarget section */

/* Begin PBXProject section */
		B73FF61719057202000D4EAE /* Project object */ = {
			isa = PBXProject;
			attributes = {
				LastUpgradeCheck = 0510;
				ORGANIZATIONNAME = "André Schneider";
				TargetAttributes = {
					B73FF63919057202000D4EAE = {
						TestTargetID = B73FF61E19057202000D4EAE;
					};
				};
			};
			buildConfigurationList = B73FF61A19057202000D4EAE /* Build configuration list for PBXProject "ASCFlatUIColors" */;
			compatibilityVersion = "Xcode 3.2";
			developmentRegion = English;
			hasScannedForEncodings = 0;
			knownRegions = (
				en,
			);
			mainGroup = B73FF61619057202000D4EAE;
			productRefGroup = B73FF62019057202000D4EAE /* Products */;
			projectDirPath = "";
			projectRoot = "";
			targets = (
				B73FF61E19057202000D4EAE /* ASCFlatUIColors */,
				B73FF63919057202000D4EAE /* ASCFlatUIColorsTests */,
			);
		};
/* End PBXProject section */

/* Begin PBXResourcesBuildPhase section */
		B73FF61D19057202000D4EAE /* Resources */ = {
			isa = PBXResourcesBuildPhase;
			buildActionMask = 2147483647;
			files = (
				B73FF62D19057202000D4EAE /* InfoPlist.strings in Resources */,
				B73FF63519057202000D4EAE /* Images.xcassets in Resources */,
			);
			runOnlyForDeploymentPostprocessing = 0;
		};
		B73FF63819057202000D4EAE /* Resources */ = {
			isa = PBXResourcesBuildPhase;
			buildActionMask = 2147483647;
			files = (
				B73FF64619057202000D4EAE /* InfoPlist.strings in Resources */,
			);
			runOnlyForDeploymentPostprocessing = 0;
		};
/* End PBXResourcesBuildPhase section */

/* Begin PBXSourcesBuildPhase section */
		B73FF61B19057202000D4EAE /* Sources */ = {
			isa = PBXSourcesBuildPhase;
			buildActionMask = 2147483647;
			files = (
				B73FF63319057202000D4EAE /* AppDelegate.m in Sources */,
				B73FF62F19057202000D4EAE /* main.m in Sources */,
			);
			runOnlyForDeploymentPostprocessing = 0;
		};
		B73FF63619057202000D4EAE /* Sources */ = {
			isa = PBXSourcesBuildPhase;
			buildActionMask = 2147483647;
			files = (
				B73FF64819057202000D4EAE /* ASCFlatUIColorsTests.m in Sources */,
			);
			runOnlyForDeploymentPostprocessing = 0;
		};
/* End PBXSourcesBuildPhase section */

/* Begin PBXTargetDependency section */
		B73FF64019057202000D4EAE /* PBXTargetDependency */ = {
			isa = PBXTargetDependency;
			target = B73FF61E19057202000D4EAE /* ASCFlatUIColors */;
			targetProxy = B73FF63F19057202000D4EAE /* PBXContainerItemProxy */;
		};
/* End PBXTargetDependency section */

/* Begin PBXVariantGroup section */
		B73FF62B19057202000D4EAE /* InfoPlist.strings */ = {
			isa = PBXVariantGroup;
			children = (
				B73FF62C19057202000D4EAE /* en */,
			);
			name = InfoPlist.strings;
			sourceTree = "<group>";
		};
		B73FF64419057202000D4EAE /* InfoPlist.strings */ = {
			isa = PBXVariantGroup;
			children = (
				B73FF64519057202000D4EAE /* en */,
			);
			name = InfoPlist.strings;
			sourceTree = "<group>";
		};
/* End PBXVariantGroup section */

/* Begin XCBuildConfiguration section */
		B73FF64919057202000D4EAE /* Debug */ = {
			isa = XCBuildConfiguration;
			buildSettings = {
				ALWAYS_SEARCH_USER_PATHS = NO;
				CLANG_CXX_LANGUAGE_STANDARD = "gnu++0x";
				CLANG_CXX_LIBRARY = "libc++";
				CLANG_ENABLE_MODULES = YES;
				CLANG_ENABLE_OBJC_ARC = YES;
				CLANG_WARN_BOOL_CONVERSION = YES;
				CLANG_WARN_CONSTANT_CONVERSION = YES;
				CLANG_WARN_DIRECT_OBJC_ISA_USAGE = YES_ERROR;
				CLANG_WARN_EMPTY_BODY = YES;
				CLANG_WARN_ENUM_CONVERSION = YES;
				CLANG_WARN_INT_CONVERSION = YES;
				CLANG_WARN_OBJC_ROOT_CLASS = YES_ERROR;
				CLANG_WARN__DUPLICATE_METHOD_MATCH = YES;
				"CODE_SIGN_IDENTITY[sdk=iphoneos*]" = "iPhone Developer";
				COPY_PHASE_STRIP = NO;
				GCC_C_LANGUAGE_STANDARD = gnu99;
				GCC_DYNAMIC_NO_PIC = NO;
				GCC_OPTIMIZATION_LEVEL = 0;
				GCC_PREPROCESSOR_DEFINITIONS = (
					"DEBUG=1",
					"$(inherited)",
				);
				GCC_SYMBOLS_PRIVATE_EXTERN = NO;
				GCC_WARN_64_TO_32_BIT_CONVERSION = YES;
				GCC_WARN_ABOUT_RETURN_TYPE = YES_ERROR;
				GCC_WARN_UNDECLARED_SELECTOR = YES;
				GCC_WARN_UNINITIALIZED_AUTOS = YES_AGGRESSIVE;
				GCC_WARN_UNUSED_FUNCTION = YES;
				GCC_WARN_UNUSED_VARIABLE = YES;
				IPHONEOS_DEPLOYMENT_TARGET = 7.1;
				ONLY_ACTIVE_ARCH = YES;
				SDKROOT = iphoneos;
			};
			name = Debug;
		};
		B73FF64A19057202000D4EAE /* Release */ = {
			isa = XCBuildConfiguration;
			buildSettings = {
				ALWAYS_SEARCH_USER_PATHS = NO;
				CLANG_CXX_LANGUAGE_STANDARD = "gnu++0x";
				CLANG_CXX_LIBRARY = "libc++";
				CLANG_ENABLE_MODULES = YES;
				CLANG_ENABLE_OBJC_ARC = YES;
				CLANG_WARN_BOOL_CONVERSION = YES;
				CLANG_WARN_CONSTANT_CONVERSION = YES;
				CLANG_WARN_DIRECT_OBJC_ISA_USAGE = YES_ERROR;
				CLANG_WARN_EMPTY_BODY = YES;
				CLANG_WARN_ENUM_CONVERSION = YES;
				CLANG_WARN_INT_CONVERSION = YES;
				CLANG_WARN_OBJC_ROOT_CLASS = YES_ERROR;
				CLANG_WARN__DUPLICATE_METHOD_MATCH = YES;
				"CODE_SIGN_IDENTITY[sdk=iphoneos*]" = "iPhone Developer";
				COPY_PHASE_STRIP = YES;
				ENABLE_NS_ASSERTIONS = NO;
				GCC_C_LANGUAGE_STANDARD = gnu99;
				GCC_WARN_64_TO_32_BIT_CONVERSION = YES;
				GCC_WARN_ABOUT_RETURN_TYPE = YES_ERROR;
				GCC_WARN_UNDECLARED_SELECTOR = YES;
				GCC_WARN_UNINITIALIZED_AUTOS = YES_AGGRESSIVE;
				GCC_WARN_UNUSED_FUNCTION = YES;
				GCC_WARN_UNUSED_VARIABLE = YES;
				IPHONEOS_DEPLOYMENT_TARGET = 7.1;
				SDKROOT = iphoneos;
				VALIDATE_PRODUCT = YES;
			};
			name = Release;
		};
		B73FF64C19057202000D4EAE /* Debug */ = {
			isa = XCBuildConfiguration;
			buildSettings = {
				ASSETCATALOG_COMPILER_APPICON_NAME = AppIcon;
				ASSETCATALOG_COMPILER_LAUNCHIMAGE_NAME = LaunchImage;
				GCC_PRECOMPILE_PREFIX_HEADER = YES;
				GCC_PREFIX_HEADER = "ASCFlatUIColors/ASCFlatUIColors-Prefix.pch";
				INFOPLIST_FILE = "ASCFlatUIColors/ASCFlatUIColors-Info.plist";
				PRODUCT_NAME = "$(TARGET_NAME)";
				WRAPPER_EXTENSION = app;
			};
			name = Debug;
		};
		B73FF64D19057202000D4EAE /* Release */ = {
			isa = XCBuildConfiguration;
			buildSettings = {
				ASSETCATALOG_COMPILER_APPICON_NAME = AppIcon;
				ASSETCATALOG_COMPILER_LAUNCHIMAGE_NAME = LaunchImage;
				GCC_PRECOMPILE_PREFIX_HEADER = YES;
				GCC_PREFIX_HEADER = "ASCFlatUIColors/ASCFlatUIColors-Prefix.pch";
				INFOPLIST_FILE = "ASCFlatUIColors/ASCFlatUIColors-Info.plist";
				PRODUCT_NAME = "$(TARGET_NAME)";
				WRAPPER_EXTENSION = app;
			};
			name = Release;
		};
		B73FF64F19057202000D4EAE /* Debug */ = {
			isa = XCBuildConfiguration;
			buildSettings = {
				BUNDLE_LOADER = "$(BUILT_PRODUCTS_DIR)/ASCFlatUIColors.app/ASCFlatUIColors";
				FRAMEWORK_SEARCH_PATHS = (
					"$(SDKROOT)/Developer/Library/Frameworks",
					"$(inherited)",
					"$(DEVELOPER_FRAMEWORKS_DIR)",
				);
				GCC_PRECOMPILE_PREFIX_HEADER = YES;
				GCC_PREFIX_HEADER = "ASCFlatUIColors/ASCFlatUIColors-Prefix.pch";
				GCC_PREPROCESSOR_DEFINITIONS = (
					"DEBUG=1",
					"$(inherited)",
				);
				INFOPLIST_FILE = "ASCFlatUIColorsTests/ASCFlatUIColorsTests-Info.plist";
				PRODUCT_NAME = "$(TARGET_NAME)";
				TEST_HOST = "$(BUNDLE_LOADER)";
				WRAPPER_EXTENSION = xctest;
			};
			name = Debug;
		};
		B73FF65019057202000D4EAE /* Release */ = {
			isa = XCBuildConfiguration;
			buildSettings = {
				BUNDLE_LOADER = "$(BUILT_PRODUCTS_DIR)/ASCFlatUIColors.app/ASCFlatUIColors";
				FRAMEWORK_SEARCH_PATHS = (
					"$(SDKROOT)/Developer/Library/Frameworks",
					"$(inherited)",
					"$(DEVELOPER_FRAMEWORKS_DIR)",
				);
				GCC_PRECOMPILE_PREFIX_HEADER = YES;
				GCC_PREFIX_HEADER = "ASCFlatUIColors/ASCFlatUIColors-Prefix.pch";
				INFOPLIST_FILE = "ASCFlatUIColorsTests/ASCFlatUIColorsTests-Info.plist";
				PRODUCT_NAME = "$(TARGET_NAME)";
				TEST_HOST = "$(BUNDLE_LOADER)";
				WRAPPER_EXTENSION = xctest;
			};
			name = Release;
		};
/* End XCBuildConfiguration section */

/* Begin XCConfigurationList section */
		B73FF61A19057202000D4EAE /* Build configuration list for PBXProject "ASCFlatUIColors" */ = {
			isa = XCConfigurationList;
			buildConfigurations = (
				B73FF64919057202000D4EAE /* Debug */,
				B73FF64A19057202000D4EAE /* Release */,
			);
			defaultConfigurationIsVisible = 0;
			defaultConfigurationName = Release;
		};
		B73FF64B19057202000D4EAE /* Build configuration list for PBXNativeTarget "ASCFlatUIColors" */ = {
			isa = XCConfigurationList;
			buildConfigurations = (
				B73FF64C19057202000D4EAE /* Debug */,
				B73FF64D19057202000D4EAE /* Release */,
			);
			defaultConfigurationIsVisible = 0;
		};
		B73FF64E19057202000D4EAE /* Build configuration list for PBXNativeTarget "ASCFlatUIColorsTests" */ = {
			isa = XCConfigurationList;
			buildConfigurations = (
				B73FF64F19057202000D4EAE /* Debug */,
				B73FF65019057202000D4EAE /* Release */,
			);
			defaultConfigurationIsVisible = 0;
		};
/* End XCConfigurationList section */
	};
	rootObject = B73FF61719057202000D4EAE /* Project object */;
}
